{
  "name": "get_youtube_comment",
  "lockfileVersion": 2,
  "requires": true,
  "packages": {
    "": {
      "dependencies": {
        "@types/google-apps-script": "^1.0.41",
        "@types/youtube": "^0.0.46"
      }
    },
    "node_modules/@types/google-apps-script": {
      "version": "1.0.41",
      "resolved": "https://registry.npmjs.org/@types/google-apps-script/-/google-apps-script-1.0.41.tgz",
      "integrity": "sha512-Lv8Tila1iNUynITT0H4lR59fcdkZ1JOPQiuthaOoG/agAbWYkZLeaR6yLIeRydFQ2bQqVgOrAXlmu8Ut8uUcOA=="
    },
    "node_modules/@types/youtube": {
      "version": "0.0.46",
      "resolved": "https://registry.npmjs.org/@types/youtube/-/youtube-0.0.46.tgz",
      "integrity": "sha512-Yf1Y4bDj/QIn8v+zdy0l7+OW6s1uoUvzVn5cGqPNCsL4iUW4gYUlIdQIRtH9NOHVgwZNLbVeeRDEn6N4RMq6Nw=="
    }
  },
  "dependencies": {
    "@types/google-apps-script": {
      "version": "1.0.41",
      "resolved": "https://registry.npmjs.org/@types/google-apps-script/-/google-apps-script-1.0.41.tgz",
      "integrity": "sha512-Lv8Tila1iNUynITT0H4lR59fcdkZ1JOPQiuthaOoG/agAbWYkZLeaR6yLIeRydFQ2bQqVgOrAXlmu8Ut8uUcOA=="
    },
    "@types/youtube": {
      "version": "0.0.46",
      "resolved": "https://registry.npmjs.org/@types/youtube/-/youtube-0.0.46.tgz",
      "integrity": "sha512-Yf1Y4bDj/QIn8v+zdy0l7+OW6s1uoUvzVn5cGqPNCsL4iUW4gYUlIdQIRtH9NOHVgwZNLbVeeRDEn6N4RMq6Nw=="
    }
  }
}
